lockfileVersion: 5.3

specifiers:
  '@types/estree': ^0.0.50
  astring: ^1.8.1
  estree-builder: ^1.12.0

dependencies:
  '@types/estree': 0.0.50
  astring: 1.8.1
  estree-builder: 1.12.0

packages:

  /@types/estree/0.0.50:
    resolution: {integrity: sha512-C6N5s2ZFtuZRj54k2/zyRhNDjJwwcViAM3Nbm8zjBpbqAdZ00mr0CFxvSKeO8Y/e03WVFLpQMdHYVfUd6SB+Hw==}
    dev: false

  /astring/1.8.1:
    resolution: {integrity: sha512-Aj3mbwVzj7Vve4I/v2JYOPFkCGM2YS7OqQTNSxmUR+LECRpokuPgAYghePgr6SALDo5bD5DlfbSaYjOzGJZOLQ==}
    hasBin: true
    dev: false

  /estree-builder/1.12.0:
    resolution: {integrity: sha512-ofbs+yUQEfUHzPg1uZl3Bc7bYR9+bSrW2oBjOvg+el6hsyxn0FCj9ylq5okiihgMpwJhWobnC4tgO/H/Ve6kJw==}
    dev: false
