lockfileVersion: 5.3

specifiers:
  '@types/estree': ^0.0.50
  astring: ^1.8.1
  estree-builder: ^1.12.0
  source-map: ^0.7.3

devDependencies:
  '@types/estree': 0.0.50
  astring: 1.8.1
  estree-builder: 1.12.0
  source-map: 0.7.3

packages:

  /@types/estree/0.0.50:
    resolution: {integrity: sha512-C6N5s2ZFtuZRj54k2/zyRhNDjJwwcViAM3Nbm8zjBpbqAdZ00mr0CFxvSKeO8Y/e03WVFLpQMdHYVfUd6SB+Hw==}
    dev: true

  /astring/1.8.1:
    resolution: {integrity: sha512-Aj3mbwVzj7Vve4I/v2JYOPFkCGM2YS7OqQTNSxmUR+LECRpokuPgAYghePgr6SALDo5bD5DlfbSaYjOzGJZOLQ==}
    hasBin: true
    dev: true

  /estree-builder/1.12.0:
    resolution: {integrity: sha512-ofbs+yUQEfUHzPg1uZl3Bc7bYR9+bSrW2oBjOvg+el6hsyxn0FCj9ylq5okiihgMpwJhWobnC4tgO/H/Ve6kJw==}
    dev: true

  /source-map/0.7.3:
    resolution: {integrity: sha512-CkCj6giN3S+n9qrYiBTX5gystlENnRW5jZeNLHpe6aue+SrHcG5VYwujhW9s4dY31mEGsxBDrHR6oI69fTXsaQ==}
    engines: {node: '>= 8'}
    dev: true
