lockfileVersion: 5.3

specifiers:
  csstips: ^1.2.0
  csx: ^10.0.2
  react: ^17.0.2
  react-dom: ^17.0.2
  typestyle: ^2.2.0

devDependencies:
  csstips: 1.2.0_typestyle@2.2.0
  csx: 10.0.2
  react: 17.0.2
  react-dom: 17.0.2_react@17.0.2
  typestyle: 2.2.0

packages:

  /csstips/1.2.0_typestyle@2.2.0:
    resolution: {integrity: sha512-2KgBibTljubrEuaiCNdJ0zcy6BmJck+J9YUufb+Hwz3T0XANLfevVIabHtCO9T5Zr2kHyvpT+0XM9vk44nmsZg==}
    peerDependencies:
      typestyle: ^2.0.0
    dependencies:
      typestyle: 2.2.0
    dev: true

  /csstype/2.6.19:
    resolution: {integrity: sha512-ZVxXaNy28/k3kJg0Fou5MiYpp88j7H9hLZp8PDC3jV0WFjfH5E9xHb56L0W59cPbKbcHXeP4qyT8PrHp8t6LcQ==}
    dev: true

  /csstype/2.6.9:
    resolution: {integrity: sha512-xz39Sb4+OaTsULgUERcCk+TJj8ylkL4aSVDQiX/ksxbELSqwkgt4d4RD7fovIdgJGSuNYqwZEiVjYY5l0ask+Q==}
    dev: true

  /csx/10.0.2:
    resolution: {integrity: sha512-u4Ay+Q7yXQvMtaevcxO9AQ24AP9L4Poym9bLt1gUI1VMJ9czKcfmog+X4j4wSfVHaD0GsXcxpYK7FgH637d5UQ==}
    dependencies:
      csstype: 2.6.19
    dev: true

  /free-style/3.1.0:
    resolution: {integrity: sha512-vJujYSIyT30iDoaoeigNAxX4yB1RUrh+N2ZMhIElMr3BvCuGXOw7XNJMEEJkDUeamK2Rnb/IKFGKRKlTWIGRWA==}
    dev: true

  /js-tokens/4.0.0:
    resolution: {integrity: sha512-RdJUflcE3cUzKiMqQgsCu06FPu9UdIJO0beYbPhHN4k6apgJtifcoCtT9bcxOpYBtpD2kCM6Sbzg4CausW/PKQ==}
    dev: true

  /loose-envify/1.4.0:
    resolution: {integrity: sha512-lyuxPGr/Wfhrlem2CL/UcnUc1zcqKAImBDzukY7Y5F/yQiNdko6+fRLevlw1HgMySw7f611UIY408EtxRSoK3Q==}
    hasBin: true
    dependencies:
      js-tokens: 4.0.0
    dev: true

  /object-assign/4.1.1:
    resolution: {integrity: sha1-IQmtx5ZYh8/AXLvUQsrIv7s2CGM=}
    engines: {node: '>=0.10.0'}
    dev: true

  /react-dom/17.0.2_react@17.0.2:
    resolution: {integrity: sha512-s4h96KtLDUQlsENhMn1ar8t2bEa+q/YAtj8pPPdIjPDGBDIVNsrD9aXNWqspUe6AzKCIG0C1HZZLqLV7qpOBGA==}
    peerDependencies:
      react: 17.0.2
    dependencies:
      loose-envify: 1.4.0
      object-assign: 4.1.1
      react: 17.0.2
      scheduler: 0.20.2
    dev: true

  /react/17.0.2:
    resolution: {integrity: sha512-gnhPt75i/dq/z3/6q/0asP78D0u592D5L1pd7M8P+dck6Fu/jJeL6iVVK23fptSUZj8Vjf++7wXA8UNclGQcbA==}
    engines: {node: '>=0.10.0'}
    dependencies:
      loose-envify: 1.4.0
      object-assign: 4.1.1
    dev: true

  /scheduler/0.20.2:
    resolution: {integrity: sha512-2eWfGgAqqWFGqtdMmcL5zCMK1U8KlXv8SQFGglL3CEtd0aDVDWgeF/YoCmvln55m5zSk3J/20hTaSBeSObsQDQ==}
    dependencies:
      loose-envify: 1.4.0
      object-assign: 4.1.1
    dev: true

  /typestyle/2.2.0:
    resolution: {integrity: sha512-2lfoH6Wp0B2fhEwy+aXzRxAaLEz/JLKUKmlttYT2yYSZhoyI2MEgv5iQjvtIBu5q/EwyqTNuYcoL1Mioqv7dsA==}
    dependencies:
      csstype: 2.6.9
      free-style: 3.1.0
    dev: true
