lockfileVersion: 5.3

specifiers:
  parjs: ^0.12.7

dependencies:
  parjs: 0.12.7

packages:

  /char-info/0.3.2:
    resolution: {integrity: sha512-6P6KW8crZx+N857wZalB4FreR+PhheSLmAk22c8zbQsFhsDxZP1aTDfmOjrzddgp1IBOl53b0Z8kDQrwh4B//A==}
    dependencies:
      node-interval-tree: 1.3.3
    dev: false

  /lodash/4.17.21:
    resolution: {integrity: sha512-v2kDEe57lecTulaDIuNTPy3Ry4gLGJ6Z1O3vE1krgXZNrsQ+LFTGHVxVjcXPs17LhbZVGedAJv8XZ1tvj5FvSg==}
    dev: false

  /node-interval-tree/1.3.3:
    resolution: {integrity: sha512-K9vk96HdTK5fEipJwxSvIIqwTqr4e3HRJeJrNxBSeVMNSC/JWARRaX7etOLOuTmrRMeOI/K5TCJu3aWIwZiNTw==}
    engines: {node: '>= 7.6.0'}
    dependencies:
      shallowequal: 1.1.0
    dev: false

  /parjs/0.12.7:
    resolution: {integrity: sha512-aKw+vsSMBdZNdxcetIwi5mnmFckuwxTz7dKu07wEzrNjKYtvhRlrlla3b4GAEmGMyAWhrocLrUcbSGvmMZMU3Q==}
    dependencies:
      char-info: 0.3.2
      lodash: 4.17.21
    dev: false

  /shallowequal/1.1.0:
    resolution: {integrity: sha512-y0m1JoUZSlPAjXVtPPW70aZWfIL/dSP7AFkRnniLCrK/8MDKog3TySTBmckD+RObVxH0v4Tox67+F14PdED2oQ==}
    dev: false
